// !$*UTF8*$!
{
	archiveVersion = 1;
	classes = {
	};
	objectVersion = 46;
	objects = {

/* Begin PBXBuildFile section */
		4F52B01119C51B3D00080A2B /* main.m in Sources */ = {isa = PBXBuildFile; fileRef = 4F52B01019C51B3D00080A2B /* main.m */; };
		4F52B01419C51B3D00080A2B /* AppDelegate.m in Sources */ = {isa = PBXBuildFile; fileRef = 4F52B01319C51B3D00080A2B /* AppDelegate.m */; };
		4F52B01719C51B3D00080A2B /* ViewController.m in Sources */ = {isa = PBXBuildFile; fileRef = 4F52B01619C51B3D00080A2B /* ViewController.m */; };
		4F52B01A19C51B3D00080A2B /* Main.storyboard in Resources */ = {isa = PBXBuildFile; fileRef = 4F52B01819C51B3D00080A2B /* Main.storyboard */; };
		4F52B01C19C51B3D00080A2B /* Images.xcassets in Resources */ = {isa = PBXBuildFile; fileRef = 4F52B01B19C51B3D00080A2B /* Images.xcassets */; };
		4F52B01F19C51B3D00080A2B /* LaunchScreen.xib in Resources */ = {isa = PBXBuildFile; fileRef = 4F52B01D19C51B3D00080A2B /* LaunchScreen.xib */; };
		4F52B02B19C51B3D00080A2B /* Today_s_StocksTests.m in Sources */ = {isa = PBXBuildFile; fileRef = 4F52B02A19C51B3D00080A2B /* Today_s_StocksTests.m */; };
/* End PBXBuildFile section */

/* Begin PBXContainerItemProxy section */
		4F52B02519C51B3D00080A2B /* PBXContainerItemProxy */ = {
			isa = PBXContainerItemProxy;
			containerPortal = 4F52B00319C51B3D00080A2B /* Project object */;
			proxyType = 1;
			remoteGlobalIDString = 4F52B00A19C51B3D00080A2B;
			remoteInfo = "Today's Stocks";
		};
/* End PBXContainerItemProxy section */

/* Begin PBXFileReference section */
		4F52B00B19C51B3D00080A2B /* Today's Stocks.app */ = {isa = PBXFileReference; explicitFileType = wrapper.application; includeInIndex = 0; path = "Today's Stocks.app"; sourceTree = BUILT_PRODUCTS_DIR; };
		4F52B00F19C51B3D00080A2B /* Info.plist */ = {isa = PBXFileReference; lastKnownFileType = text.plist.xml; path = Info.plist; sourceTree = "<group>"; };
		4F52B01019C51B3D00080A2B /* main.m */ = {isa = PBXFileReference; lastKnownFileType = sourcecode.c.objc; path = main.m; sourceTree = "<group>"; };
		4F52B01219C51B3D00080A2B /* AppDelegate.h */ = {isa = PBXFileReference; lastKnownFileType = sourcecode.c.h; path = AppDelegate.h; sourceTree = "<group>"; };
		4F52B01319C51B3D00080A2B /* AppDelegate.m */ = {isa = PBXFileReference; lastKnownFileType = sourcecode.c.objc; path = AppDelegate.m; sourceTree = "<group>"; };
		4F52B01519C51B3D00080A2B /* ViewController.h */ = {isa = PBXFileReference; lastKnownFileType = sourcecode.c.h; path = ViewController.h; sourceTree = "<group>"; };
		4F52B01619C51B3D00080A2B /* ViewController.m */ = {isa = PBXFileReference; lastKnownFileType = sourcecode.c.objc; path = ViewController.m; sourceTree = "<group>"; };
		4F52B01919C51B3D00080A2B /* Base */ = {isa = PBXFileReference; lastKnownFileType = file.storyboard; name = Base; path = Base.lproj/Main.storyboard; sourceTree = "<group>"; };
		4F52B01B19C51B3D00080A2B /* Images.xcassets */ = {isa = PBXFileReference; lastKnownFileType = folder.assetcatalog; path = Images.xcassets; sourceTree = "<group>"; };
		4F52B01E19C51B3D00080A2B /* Base */ = {isa = PBXFileReference; lastKnownFileType = file.xib; name = Base; path = Base.lproj/LaunchScreen.xib; sourceTree = "<group>"; };
		4F52B02419C51B3D00080A2B /* Today's StocksTests.xctest */ = {isa = PBXFileReference; explicitFileType = wrapper.cfbundle; includeInIndex = 0; path = "Today's StocksTests.xctest"; sourceTree = BUILT_PRODUCTS_DIR; };
		4F52B02919C51B3D00080A2B /* Info.plist */ = {isa = PBXFileReference; lastKnownFileType = text.plist.xml; path = Info.plist; sourceTree = "<group>"; };
		4F52B02A19C51B3D00080A2B /* Today_s_StocksTests.m */ = {isa = PBXFileReference; lastKnownFileType = sourcecode.c.objc; path = Today_s_StocksTests.m; sourceTree = "<group>"; };
/* End PBXFileReference section */

/* Begin PBXFrameworksBuildPhase section */
		4F52B00819C51B3D00080A2B /* Frameworks */ = {
			isa = PBXFrameworksBuildPhase;
			buildActionMask = 2147483647;
			files = (
			);
			runOnlyForDeploymentPostprocessing = 0;
		};
		4F52B02119C51B3D00080A2B /* Frameworks */ = {
			isa = PBXFrameworksBuildPhase;
			buildActionMask = 2147483647;
			files = (
			);
			runOnlyForDeploymentPostprocessing = 0;
		};
/* End PBXFrameworksBuildPhase section */

/* Begin PBXGroup section */
		4F52B00219C51B3D00080A2B = {
			isa = PBXGroup;
			children = (
				4F52B00D19C51B3D00080A2B /* Today's Stocks */,
				4F52B02719C51B3D00080A2B /* Today's StocksTests */,
				4F52B00C19C51B3D00080A2B /* Products */,
			);
			sourceTree = "<group>";
		};
		4F52B00C19C51B3D00080A2B /* Products */ = {
			isa = PBXGroup;
			children = (
				4F52B00B19C51B3D00080A2B /* Today's Stocks.app */,
				4F52B02419C51B3D00080A2B /* Today's StocksTests.xctest */,
			);
			name = Products;
			sourceTree = "<group>";
		};
		4F52B00D19C51B3D00080A2B /* Today's Stocks */ = {
			isa = PBXGroup;
			children = (
				4F52B01219C51B3D00080A2B /* AppDelegate.h */,
				4F52B01319C51B3D00080A2B /* AppDelegate.m */,
				4F52B01519C51B3D00080A2B /* ViewController.h */,
				4F52B01619C51B3D00080A2B /* ViewController.m */,
				4F52B01819C51B3D00080A2B /* Main.storyboard */,
				4F52B01B19C51B3D00080A2B /* Images.xcassets */,
				4F52B01D19C51B3D00080A2B /* LaunchScreen.xib */,
				4F52B00E19C51B3D00080A2B /* Supporting Files */,
			);
			path = "Today's Stocks";
			sourceTree = "<group>";
		};
		4F52B00E19C51B3D00080A2B /* Supporting Files */ = {
			isa = PBXGroup;
			children = (
				4F52B00F19C51B3D00080A2B /* Info.plist */,
				4F52B01019C51B3D00080A2B /* main.m */,
			);
			name = "Supporting Files";
			sourceTree = "<group>";
		};
		4F52B02719C51B3D00080A2B /* Today's StocksTests */ = {
			isa = PBXGroup;
			children = (
				4F52B02A19C51B3D00080A2B /* Today_s_StocksTests.m */,
				4F52B02819C51B3D00080A2B /* Supporting Files */,
			);
			path = "Today's StocksTests";
			sourceTree = "<group>";
		};
		4F52B02819C51B3D00080A2B /* Supporting Files */ = {
			isa = PBXGroup;
			children = (
				4F52B02919C51B3D00080A2B /* Info.plist */,
			);
			name = "Supporting Files";
			sourceTree = "<group>";
		};
/* End PBXGroup section */

/* Begin PBXNativeTarget section */
		4F52B00A19C51B3D00080A2B /* Today's Stocks */ = {
			isa = PBXNativeTarget;
			buildConfigurationList = 4F52B02E19C51B3D00080A2B /* Build configuration list for PBXNativeTarget "Today's Stocks" */;
			buildPhases = (
				4F52B00719C51B3D00080A2B /* Sources */,
				4F52B00819C51B3D00080A2B /* Frameworks */,
				4F52B00919C51B3D00080A2B /* Resources */,
			);
			buildRules = (
			);
			dependencies = (
			);
			name = "Today's Stocks";
			productName = "Today's Stocks";
			productReference = 4F52B00B19C51B3D00080A2B /* Today's Stocks.app */;
			productType = "com.apple.product-type.application";
		};
		4F52B02319C51B3D00080A2B /* Today's StocksTests */ = {
			isa = PBXNativeTarget;
			buildConfigurationList = 4F52B03119C51B3D00080A2B /* Build configuration list for PBXNativeTarget "Today's StocksTests" */;
			buildPhases = (
				4F52B02019C51B3D00080A2B /* Sources */,
				4F52B02119C51B3D00080A2B /* Frameworks */,
				4F52B02219C51B3D00080A2B /* Resources */,
			);
			buildRules = (
			);
			dependencies = (
				4F52B02619C51B3D00080A2B /* PBXTargetDependency */,
			);
			name = "Today's StocksTests";
			productName = "Today's StocksTests";
			productReference = 4F52B02419C51B3D00080A2B /* Today's StocksTests.xctest */;
			productType = "com.apple.product-type.bundle.unit-test";
		};
/* End PBXNativeTarget section */

/* Begin PBXProject section */
		4F52B00319C51B3D00080A2B /* Project object */ = {
			isa = PBXProject;
			attributes = {
				LastUpgradeCheck = 0600;
				TargetAttributes = {
					4F52B00A19C51B3D00080A2B = {
						CreatedOnToolsVersion = 6.0;
					};
					4F52B02319C51B3D00080A2B = {
						CreatedOnToolsVersion = 6.0;
						TestTargetID = 4F52B00A19C51B3D00080A2B;
					};
				};
			};
			buildConfigurationList = 4F52B00619C51B3D00080A2B /* Build configuration list for PBXProject "Today's Stocks" */;
			compatibilityVersion = "Xcode 3.2";
			developmentRegion = English;
			hasScannedForEncodings = 0;
			knownRegions = (
				en,
				Base,
			);
			mainGroup = 4F52B00219C51B3D00080A2B;
			productRefGroup = 4F52B00C19C51B3D00080A2B /* Products */;
			projectDirPath = "";
			projectRoot = "";
			targets = (
				4F52B00A19C51B3D00080A2B /* Today's Stocks */,
				4F52B02319C51B3D00080A2B /* Today's StocksTests */,
			);
		};
/* End PBXProject section */

/* Begin PBXResourcesBuildPhase section */
		4F52B00919C51B3D00080A2B /* Resources */ = {
			isa = PBXResourcesBuildPhase;
			buildActionMask = 2147483647;
			files = (
				4F52B01A19C51B3D00080A2B /* Main.storyboard in Resources */,
				4F52B01F19C51B3D00080A2B /* LaunchScreen.xib in Resources */,
				4F52B01C19C51B3D00080A2B /* Images.xcassets in Resources */,
			);
			runOnlyForDeploymentPostprocessing = 0;
		};
		4F52B02219C51B3D00080A2B /* Resources */ = {
			isa = PBXResourcesBuildPhase;
			buildActionMask = 2147483647;
			files = (
			);
			runOnlyForDeploymentPostprocessing = 0;
		};
/* End PBXResourcesBuildPhase section */

/* Begin PBXSourcesBuildPhase section */
		4F52B00719C51B3D00080A2B /* Sources */ = {
			isa = PBXSourcesBuildPhase;
			buildActionMask = 2147483647;
			files = (
				4F52B01719C51B3D00080A2B /* ViewController.m in Sources */,
				4F52B01419C51B3D00080A2B /* AppDelegate.m in Sources */,
				4F52B01119C51B3D00080A2B /* main.m in Sources */,
			);
			runOnlyForDeploymentPostprocessing = 0;
		};
		4F52B02019C51B3D00080A2B /* Sources */ = {
			isa = PBXSourcesBuildPhase;
			buildActionMask = 2147483647;
			files = (
				4F52B02B19C51B3D00080A2B /* Today_s_StocksTests.m in Sources */,
			);
			runOnlyForDeploymentPostprocessing = 0;
		};
/* End PBXSourcesBuildPhase section */

/* Begin PBXTargetDependency section */
		4F52B02619C51B3D00080A2B /* PBXTargetDependency */ = {
			isa = PBXTargetDependency;
			target = 4F52B00A19C51B3D00080A2B /* Today's Stocks */;
			targetProxy = 4F52B02519C51B3D00080A2B /* PBXContainerItemProxy */;
		};
/* End PBXTargetDependency section */

/* Begin PBXVariantGroup section */
		4F52B01819C51B3D00080A2B /* Main.storyboard */ = {
			isa = PBXVariantGroup;
			children = (
				4F52B01919C51B3D00080A2B /* Base */,
			);
			name = Main.storyboard;
			sourceTree = "<group>";
		};
		4F52B01D19C51B3D00080A2B /* LaunchScreen.xib */ = {
			isa = PBXVariantGroup;
			children = (
				4F52B01E19C51B3D00080A2B /* Base */,
			);
			name = LaunchScreen.xib;
			sourceTree = "<group>";
		};
/* End PBXVariantGroup section */

/* Begin XCBuildConfiguration section */
		4F52B02C19C51B3D00080A2B /* Debug */ = {
			isa = XCBuildConfiguration;
			buildSettings = {
				ALWAYS_SEARCH_USER_PATHS = NO;
				CLANG_CXX_LANGUAGE_STANDARD = "gnu++0x";
				CLANG_CXX_LIBRARY = "libc++";
				CLANG_ENABLE_MODULES = YES;
				CLANG_ENABLE_OBJC_ARC = YES;
				CLANG_WARN_BOOL_CONVERSION = YES;
				CLANG_WARN_CONSTANT_CONVERSION = YES;
				CLANG_WARN_DIRECT_OBJC_ISA_USAGE = YES_ERROR;
				CLANG_WARN_EMPTY_BODY = YES;
				CLANG_WARN_ENUM_CONVERSION = YES;
				CLANG_WARN_INT_CONVERSION = YES;
				CLANG_WARN_OBJC_ROOT_CLASS = YES_ERROR;
				CLANG_WARN_UNREACHABLE_CODE = YES;
				CLANG_WARN__DUPLICATE_METHOD_MATCH = YES;
				"CODE_SIGN_IDENTITY[sdk=iphoneos*]" = "iPhone Developer";
				COPY_PHASE_STRIP = NO;
				ENABLE_STRICT_OBJC_MSGSEND = YES;
				GCC_C_LANGUAGE_STANDARD = gnu99;
				GCC_DYNAMIC_NO_PIC = NO;
				GCC_OPTIMIZATION_LEVEL = 0;
				GCC_PREPROCESSOR_DEFINITIONS = (
					"DEBUG=1",
					"$(inherited)",
				);
				GCC_SYMBOLS_PRIVATE_EXTERN = NO;
				GCC_WARN_64_TO_32_BIT_CONVERSION = YES;
				GCC_WARN_ABOUT_RETURN_TYPE = YES_ERROR;
				GCC_WARN_UNDECLARED_SELECTOR = YES;
				GCC_WARN_UNINITIALIZED_AUTOS = YES_AGGRESSIVE;
				GCC_WARN_UNUSED_FUNCTION = YES;
				GCC_WARN_UNUSED_VARIABLE = YES;
				IPHONEOS_DEPLOYMENT_TARGET = 8.0;
				MTL_ENABLE_DEBUG_INFO = YES;
				ONLY_ACTIVE_ARCH = YES;
				SDKROOT = iphoneos;
			};
			name = Debug;
		};
		4F52B02D19C51B3D00080A2B /* Release */ = {
			isa = XCBuildConfiguration;
			buildSettings = {
				ALWAYS_SEARCH_USER_PATHS = NO;
				CLANG_CXX_LANGUAGE_STANDARD = "gnu++0x";
				CLANG_CXX_LIBRARY = "libc++";
				CLANG_ENABLE_MODULES = YES;
				CLANG_ENABLE_OBJC_ARC = YES;
				CLANG_WARN_BOOL_CONVERSION = YES;
				CLANG_WARN_CONSTANT_CONVERSION = YES;
				CLANG_WARN_DIRECT_OBJC_ISA_USAGE = YES_ERROR;
				CLANG_WARN_EMPTY_BODY = YES;
				CLANG_WARN_ENUM_CONVERSION = YES;
				CLANG_WARN_INT_CONVERSION = YES;
				CLANG_WARN_OBJC_ROOT_CLASS = YES_ERROR;
				CLANG_WARN_UNREACHABLE_CODE = YES;
				CLANG_WARN__DUPLICATE_METHOD_MATCH = YES;
				"CODE_SIGN_IDENTITY[sdk=iphoneos*]" = "iPhone Developer";
				COPY_PHASE_STRIP = YES;
				ENABLE_NS_ASSERTIONS = NO;
				ENABLE_STRICT_OBJC_MSGSEND = YES;
				GCC_C_LANGUAGE_STANDARD = gnu99;
				GCC_WARN_64_TO_32_BIT_CONVERSION = YES;
				GCC_WARN_ABOUT_RETURN_TYPE = YES_ERROR;
				GCC_WARN_UNDECLARED_SELECTOR = YES;
				GCC_WARN_UNINITIALIZED_AUTOS = YES_AGGRESSIVE;
				GCC_WARN_UNUSED_FUNCTION = YES;
				GCC_WARN_UNUSED_VARIABLE = YES;
				IPHONEOS_DEPLOYMENT_TARGET = 8.0;
				MTL_ENABLE_DEBUG_INFO = NO;
				SDKROOT = iphoneos;
				VALIDATE_PRODUCT = YES;
			};
			name = Release;
		};
		4F52B02F19C51B3D00080A2B /* Debug */ = {
			isa = XCBuildConfiguration;
			buildSettings = {
				ASSETCATALOG_COMPILER_APPICON_NAME = AppIcon;
				INFOPLIST_FILE = "Today's Stocks/Info.plist";
				LD_RUNPATH_SEARCH_PATHS = "$(inherited) @executable_path/Frameworks";
				PRODUCT_NAME = "$(TARGET_NAME)";
			};
			name = Debug;
		};
		4F52B03019C51B3D00080A2B /* Release */ = {
			isa = XCBuildConfiguration;
			buildSettings = {
				ASSETCATALOG_COMPILER_APPICON_NAME = AppIcon;
				INFOPLIST_FILE = "Today's Stocks/Info.plist";
				LD_RUNPATH_SEARCH_PATHS = "$(inherited) @executable_path/Frameworks";
				PRODUCT_NAME = "$(TARGET_NAME)";
			};
			name = Release;
		};
		4F52B03219C51B3D00080A2B /* Debug */ = {
			isa = XCBuildConfiguration;
			buildSettings = {
				BUNDLE_LOADER = "$(TEST_HOST)";
				FRAMEWORK_SEARCH_PATHS = (
					"$(SDKROOT)/Developer/Library/Frameworks",
					"$(inherited)",
				);
				GCC_PREPROCESSOR_DEFINITIONS = (
					"DEBUG=1",
					"$(inherited)",
				);
				INFOPLIST_FILE = "Today's StocksTests/Info.plist";
				LD_RUNPATH_SEARCH_PATHS = "$(inherited) @executable_path/Frameworks @loader_path/Frameworks";
				PRODUCT_NAME = "$(TARGET_NAME)";
				TEST_HOST = "$(BUILT_PRODUCTS_DIR)/Today's Stocks.app/Today's Stocks";
			};
			name = Debug;
		};
		4F52B03319C51B3D00080A2B /* Release */ = {
			isa = XCBuildConfiguration;
			buildSettings = {
				BUNDLE_LOADER = "$(TEST_HOST)";
				FRAMEWORK_SEARCH_PATHS = (
					"$(SDKROOT)/Developer/Library/Frameworks",
					"$(inherited)",
				);
				INFOPLIST_FILE = "Today's StocksTests/Info.plist";
				LD_RUNPATH_SEARCH_PATHS = "$(inherited) @executable_path/Frameworks @loader_path/Frameworks";
				PRODUCT_NAME = "$(TARGET_NAME)";
				TEST_HOST = "$(BUILT_PRODUCTS_DIR)/Today's Stocks.app/Today's Stocks";
			};
			name = Release;
		};
/* End XCBuildConfiguration section */

/* Begin XCConfigurationList section */
		4F52B00619C51B3D00080A2B /* Build configuration list for PBXProject "Today's Stocks" */ = {
			isa = XCConfigurationList;
			buildConfigurations = (
				4F52B02C19C51B3D00080A2B /* Debug */,
				4F52B02D19C51B3D00080A2B /* Release */,
			);
			defaultConfigurationIsVisible = 0;
			defaultConfigurationName = Release;
		};
		4F52B02E19C51B3D00080A2B /* Build configuration list for PBXNativeTarget "Today's Stocks" */ = {
			isa = XCConfigurationList;
			buildConfigurations = (
				4F52B02F19C51B3D00080A2B /* Debug */,
				4F52B03019C51B3D00080A2B /* Release */,
			);
			defaultConfigurationIsVisible = 0;
		};
		4F52B03119C51B3D00080A2B /* Build configuration list for PBXNativeTarget "Today's StocksTests" */ = {
			isa = XCConfigurationList;
			buildConfigurations = (
				4F52B03219C51B3D00080A2B /* Debug */,
				4F52B03319C51B3D00080A2B /* Release */,
			);
			defaultConfigurationIsVisible = 0;
		};
/* End XCConfigurationList section */
	};
	rootObject = 4F52B00319C51B3D00080A2B /* Project object */;
}
